
Microsoft Visual Studio Solution File, Format Version 12.00
# Visual Studio Version 16
VisualStudioVersion = 16.0.31129.286
MinimumVisualStudioVersion = 10.0.40219.1
Project("{FAE04EC0-301F-11D3-BF4B-00C04F79EFBC}") = "DetailTable", "DetailTable\DetailTable.csproj", "{F5D5E418-EB5A-4806-9F1F-D6A3E61458E8}"
EndProject
Global
	GlobalSection(SolutionConfigurationPlatforms) = preSolution
		Debug|Any CPU = Debug|Any CPU
		Release|Any CPU = Release|Any CPU
	EndGlobalSection
	GlobalSection(ProjectConfigurationPlatforms) = postSolution
		{F5D5E418-EB5A-4806-9F1F-D6A3E61458E8}.Debug|Any CPU.ActiveCfg = Debug|Any CPU
		{F5D5E418-EB5A-4806-9F1F-D6A3E61458E8}.Debug|Any CPU.Build.0 = Debug|Any CPU
		{F5D5E418-EB5A-4806-9F1F-D6A3E61458E8}.Release|Any CPU.ActiveCfg = Release|Any CPU
		{F5D5E418-EB5A-4806-9F1F-D6A3E61458E8}.Release|Any CPU.Build.0 = Release|Any CPU
	EndGlobalSection
	GlobalSection(SolutionProperties) = preSolution
		HideSolutionNode = FALSE
	EndGlobalSection
	GlobalSection(ExtensibilityGlobals) = postSolution
		SolutionGuid = {84E85544-5984-4C34-99E0-CAE09F527039}
	EndGlobalSection
EndGlobal
